// !$*UTF8*$!
{
	archiveVersion = 1;
	classes = {
	};
	objectVersion = 51;
	objects = {

/* Begin PBXBuildFile section */
		315A67F36578E1CEB711F854 /* Pods_QEDChat.framework in Frameworks */ = {isa = PBXBuildFile; fileRef = 1704C8AC8A1E7C9173FAA019 /* Pods_QEDChat.framework */; };
		4FE0BA282499CC0800F69439 /* AppDelegate.swift in Sources */ = {isa = PBXBuildFile; fileRef = 4FE0BA272499CC0800F69439 /* AppDelegate.swift */; };
		4FE0BA312499CC0900F69439 /* Assets.xcassets in Resources */ = {isa = PBXBuildFile; fileRef = 4FE0BA302499CC0900F69439 /* Assets.xcassets */; };
		4FE0BA342499CC0900F69439 /* LaunchScreen.storyboard in Resources */ = {isa = PBXBuildFile; fileRef = 4FE0BA322499CC0900F69439 /* LaunchScreen.storyboard */; };
		4FFD2F702499CFE0008554D7 /* GoogleService-Info.plist in Resources */ = {isa = PBXBuildFile; fileRef = 4FFD2F6F2499CFE0008554D7 /* GoogleService-Info.plist */; };
		4FFD2F722499D0BD008554D7 /* SignInViewController.swift in Sources */ = {isa = PBXBuildFile; fileRef = 4FFD2F712499D0BD008554D7 /* SignInViewController.swift */; };
		4FFD2F742499D0C4008554D7 /* SignUpViewController.swift in Sources */ = {isa = PBXBuildFile; fileRef = 4FFD2F732499D0C4008554D7 /* SignUpViewController.swift */; };
		4FFD2F762499D111008554D7 /* SignInView.swift in Sources */ = {isa = PBXBuildFile; fileRef = 4FFD2F752499D111008554D7 /* SignInView.swift */; };
		4FFFF9EF2499E21C00A78720 /* SignInProvider.swift in Sources */ = {isa = PBXBuildFile; fileRef = 4FFFF9EE2499E21C00A78720 /* SignInProvider.swift */; };
		4FFFF9F22499E46D00A78720 /* ExtensionUIViewController.swift in Sources */ = {isa = PBXBuildFile; fileRef = 4FFFF9F12499E46D00A78720 /* ExtensionUIViewController.swift */; };
		4FFFF9F42499E63000A78720 /* FirebaseReference.swift in Sources */ = {isa = PBXBuildFile; fileRef = 4FFFF9F32499E63000A78720 /* FirebaseReference.swift */; };
		4FFFF9F72499E6B400A78720 /* UserModel.swift in Sources */ = {isa = PBXBuildFile; fileRef = 4FFFF9F62499E6B400A78720 /* UserModel.swift */; };
		4FFFF9FA2499ED9D00A78720 /* WindowManager.swift in Sources */ = {isa = PBXBuildFile; fileRef = 4FFFF9F92499ED9D00A78720 /* WindowManager.swift */; };
		4FFFFA002499EF2C00A78720 /* ChatViewController.swift in Sources */ = {isa = PBXBuildFile; fileRef = 4FFFF9FF2499EF2C00A78720 /* ChatViewController.swift */; };
		4FFFFA042499F16300A78720 /* SignUpView.swift in Sources */ = {isa = PBXBuildFile; fileRef = 4FFFFA032499F16300A78720 /* SignUpView.swift */; };
		4FFFFA062499FC7600A78720 /* ChatProvider.swift in Sources */ = {isa = PBXBuildFile; fileRef = 4FFFFA052499FC7600A78720 /* ChatProvider.swift */; };
		4FFFFA082499FD6B00A78720 /* MessageModel.swift in Sources */ = {isa = PBXBuildFile; fileRef = 4FFFFA072499FD6B00A78720 /* MessageModel.swift */; };
/* End PBXBuildFile section */

/* Begin PBXFileReference section */
		1704C8AC8A1E7C9173FAA019 /* Pods_QEDChat.framework */ = {isa = PBXFileReference; explicitFileType = wrapper.framework; includeInIndex = 0; path = Pods_QEDChat.framework; sourceTree = BUILT_PRODUCTS_DIR; };
		17D7DEF35DCF40537BA67D29 /* Pods-QEDChat.debug.xcconfig */ = {isa = PBXFileReference; includeInIndex = 1; lastKnownFileType = text.xcconfig; name = "Pods-QEDChat.debug.xcconfig"; path = "Target Support Files/Pods-QEDChat/Pods-QEDChat.debug.xcconfig"; sourceTree = "<group>"; };
		4FE0BA242499CC0800F69439 /* QEDChat.app */ = {isa = PBXFileReference; explicitFileType = wrapper.application; includeInIndex = 0; path = QEDChat.app; sourceTree = BUILT_PRODUCTS_DIR; };
		4FE0BA272499CC0800F69439 /* AppDelegate.swift */ = {isa = PBXFileReference; lastKnownFileType = sourcecode.swift; path = AppDelegate.swift; sourceTree = "<group>"; };
		4FE0BA302499CC0900F69439 /* Assets.xcassets */ = {isa = PBXFileReference; lastKnownFileType = folder.assetcatalog; path = Assets.xcassets; sourceTree = "<group>"; };
		4FE0BA332499CC0900F69439 /* Base */ = {isa = PBXFileReference; lastKnownFileType = file.storyboard; name = Base; path = Base.lproj/LaunchScreen.storyboard; sourceTree = "<group>"; };
		4FE0BA352499CC0900F69439 /* Info.plist */ = {isa = PBXFileReference; lastKnownFileType = text.plist.xml; path = Info.plist; sourceTree = "<group>"; };
		4FFD2F6F2499CFE0008554D7 /* GoogleService-Info.plist */ = {isa = PBXFileReference; fileEncoding = 4; lastKnownFileType = text.plist.xml; path = "GoogleService-Info.plist"; sourceTree = "<group>"; };
		4FFD2F712499D0BD008554D7 /* SignInViewController.swift */ = {isa = PBXFileReference; lastKnownFileType = sourcecode.swift; path = SignInViewController.swift; sourceTree = "<group>"; };
		4FFD2F732499D0C4008554D7 /* SignUpViewController.swift */ = {isa = PBXFileReference; lastKnownFileType = sourcecode.swift; path = SignUpViewController.swift; sourceTree = "<group>"; };
		4FFD2F752499D111008554D7 /* SignInView.swift */ = {isa = PBXFileReference; lastKnownFileType = sourcecode.swift; path = SignInView.swift; sourceTree = "<group>"; };
		4FFFF9EE2499E21C00A78720 /* SignInProvider.swift */ = {isa = PBXFileReference; lastKnownFileType = sourcecode.swift; path = SignInProvider.swift; sourceTree = "<group>"; };
		4FFFF9F12499E46D00A78720 /* ExtensionUIViewController.swift */ = {isa = PBXFileReference; lastKnownFileType = sourcecode.swift; path = ExtensionUIViewController.swift; sourceTree = "<group>"; };
		4FFFF9F32499E63000A78720 /* FirebaseReference.swift */ = {isa = PBXFileReference; lastKnownFileType = sourcecode.swift; path = FirebaseReference.swift; sourceTree = "<group>"; };
		4FFFF9F62499E6B400A78720 /* UserModel.swift */ = {isa = PBXFileReference; lastKnownFileType = sourcecode.swift; path = UserModel.swift; sourceTree = "<group>"; };
		4FFFF9F92499ED9D00A78720 /* WindowManager.swift */ = {isa = PBXFileReference; lastKnownFileType = sourcecode.swift; path = WindowManager.swift; sourceTree = "<group>"; };
		4FFFF9FF2499EF2C00A78720 /* ChatViewController.swift */ = {isa = PBXFileReference; lastKnownFileType = sourcecode.swift; path = ChatViewController.swift; sourceTree = "<group>"; };
		4FFFFA032499F16300A78720 /* SignUpView.swift */ = {isa = PBXFileReference; lastKnownFileType = sourcecode.swift; path = SignUpView.swift; sourceTree = "<group>"; };
		4FFFFA052499FC7600A78720 /* ChatProvider.swift */ = {isa = PBXFileReference; lastKnownFileType = sourcecode.swift; path = ChatProvider.swift; sourceTree = "<group>"; };
		4FFFFA072499FD6B00A78720 /* MessageModel.swift */ = {isa = PBXFileReference; lastKnownFileType = sourcecode.swift; path = MessageModel.swift; sourceTree = "<group>"; };
		B768B444468861A94221FB7B /* Pods-QEDChat.release.xcconfig */ = {isa = PBXFileReference; includeInIndex = 1; lastKnownFileType = text.xcconfig; name = "Pods-QEDChat.release.xcconfig"; path = "Target Support Files/Pods-QEDChat/Pods-QEDChat.release.xcconfig"; sourceTree = "<group>"; };
/* End PBXFileReference section */

/* Begin PBXFrameworksBuildPhase section */
		4FE0BA212499CC0800F69439 /* Frameworks */ = {
			isa = PBXFrameworksBuildPhase;
			buildActionMask = 2147483647;
			files = (
				315A67F36578E1CEB711F854 /* Pods_QEDChat.framework in Frameworks */,
			);
			runOnlyForDeploymentPostprocessing = 0;
		};
/* End PBXFrameworksBuildPhase section */

/* Begin PBXGroup section */
		007B09C48C597C349B90F2A7 /* Pods */ = {
			isa = PBXGroup;
			children = (
				17D7DEF35DCF40537BA67D29 /* Pods-QEDChat.debug.xcconfig */,
				B768B444468861A94221FB7B /* Pods-QEDChat.release.xcconfig */,
			);
			path = Pods;
			sourceTree = "<group>";
		};
		49C7EC8F121AC9C060972700 /* Frameworks */ = {
			isa = PBXGroup;
			children = (
				1704C8AC8A1E7C9173FAA019 /* Pods_QEDChat.framework */,
			);
			name = Frameworks;
			sourceTree = "<group>";
		};
		4FE0BA1B2499CC0800F69439 = {
			isa = PBXGroup;
			children = (
				4FE0BA262499CC0800F69439 /* QEDChat */,
				4FE0BA252499CC0800F69439 /* Products */,
				007B09C48C597C349B90F2A7 /* Pods */,
				49C7EC8F121AC9C060972700 /* Frameworks */,
			);
			sourceTree = "<group>";
		};
		4FE0BA252499CC0800F69439 /* Products */ = {
			isa = PBXGroup;
			children = (
				4FE0BA242499CC0800F69439 /* QEDChat.app */,
			);
			name = Products;
			sourceTree = "<group>";
		};
		4FE0BA262499CC0800F69439 /* QEDChat */ = {
			isa = PBXGroup;
			children = (
				4FE0BA272499CC0800F69439 /* AppDelegate.swift */,
				4FFD2F782499D11F008554D7 /* Controller */,
				4FFD2F772499D114008554D7 /* View */,
				4FFFF9F82499ED9200A78720 /* Manager */,
				4FFFF9F52499E6A300A78720 /* Model */,
				4FFFF9ED2499DF0300A78720 /* Network */,
				4FFFF9F02499E45A00A78720 /* Extension */,
				4FE0BA302499CC0900F69439 /* Assets.xcassets */,
				4FE0BA322499CC0900F69439 /* LaunchScreen.storyboard */,
				4FE0BA352499CC0900F69439 /* Info.plist */,
				4FFD2F6F2499CFE0008554D7 /* GoogleService-Info.plist */,
			);
			path = QEDChat;
			sourceTree = "<group>";
		};
		4FFD2F772499D114008554D7 /* View */ = {
			isa = PBXGroup;
			children = (
				4FFD2F752499D111008554D7 /* SignInView.swift */,
				4FFFFA032499F16300A78720 /* SignUpView.swift */,
			);
			path = View;
			sourceTree = "<group>";
		};
		4FFD2F782499D11F008554D7 /* Controller */ = {
			isa = PBXGroup;
			children = (
				4FFD2F712499D0BD008554D7 /* SignInViewController.swift */,
				4FFD2F732499D0C4008554D7 /* SignUpViewController.swift */,
				4FFFF9FF2499EF2C00A78720 /* ChatViewController.swift */,
			);
			path = Controller;
			sourceTree = "<group>";
		};
		4FFFF9ED2499DF0300A78720 /* Network */ = {
			isa = PBXGroup;
			children = (
				4FFFF9F32499E63000A78720 /* FirebaseReference.swift */,
				4FFFF9EE2499E21C00A78720 /* SignInProvider.swift */,
				4FFFFA052499FC7600A78720 /* ChatProvider.swift */,
			);
			path = Network;
			sourceTree = "<group>";
		};
		4FFFF9F02499E45A00A78720 /* Extension */ = {
			isa = PBXGroup;
			children = (
				4FFFF9F12499E46D00A78720 /* ExtensionUIViewController.swift */,
			);
			path = Extension;
			sourceTree = "<group>";
		};
		4FFFF9F52499E6A300A78720 /* Model */ = {
			isa = PBXGroup;
			children = (
				4FFFF9F62499E6B400A78720 /* UserModel.swift */,
				4FFFFA072499FD6B00A78720 /* MessageModel.swift */,
			);
			path = Model;
			sourceTree = "<group>";
		};
		4FFFF9F82499ED9200A78720 /* Manager */ = {
			isa = PBXGroup;
			children = (
				4FFFF9F92499ED9D00A78720 /* WindowManager.swift */,
			);
			path = Manager;
			sourceTree = "<group>";
		};
/* End PBXGroup section */

/* Begin PBXNativeTarget section */
		4FE0BA232499CC0800F69439 /* QEDChat */ = {
			isa = PBXNativeTarget;
			buildConfigurationList = 4FE0BA382499CC0900F69439 /* Build configuration list for PBXNativeTarget "QEDChat" */;
			buildPhases = (
				53EBB8A5B2182FC80348172D /* [CP] Check Pods Manifest.lock */,
				4FE0BA202499CC0800F69439 /* Sources */,
				4FE0BA212499CC0800F69439 /* Frameworks */,
				4FE0BA222499CC0800F69439 /* Resources */,
				6985C01646D2599820771D30 /* [CP] Embed Pods Frameworks */,
			);
			buildRules = (
			);
			dependencies = (
			);
			name = QEDChat;
			productName = QEDChat;
			productReference = 4FE0BA242499CC0800F69439 /* QEDChat.app */;
			productType = "com.apple.product-type.application";
		};
/* End PBXNativeTarget section */

/* Begin PBXProject section */
		4FE0BA1C2499CC0800F69439 /* Project object */ = {
			isa = PBXProject;
			attributes = {
				LastSwiftUpdateCheck = 1150;
				LastUpgradeCheck = 1150;
				ORGANIZATIONNAME = Kira;
				TargetAttributes = {
					4FE0BA232499CC0800F69439 = {
						CreatedOnToolsVersion = 11.5;
					};
				};
			};
			buildConfigurationList = 4FE0BA1F2499CC0800F69439 /* Build configuration list for PBXProject "QEDChat" */;
			compatibilityVersion = "Xcode 9.3";
			developmentRegion = en;
			hasScannedForEncodings = 0;
			knownRegions = (
				en,
				Base,
			);
			mainGroup = 4FE0BA1B2499CC0800F69439;
			productRefGroup = 4FE0BA252499CC0800F69439 /* Products */;
			projectDirPath = "";
			projectRoot = "";
			targets = (
				4FE0BA232499CC0800F69439 /* QEDChat */,
			);
		};
/* End PBXProject section */

/* Begin PBXResourcesBuildPhase section */
		4FE0BA222499CC0800F69439 /* Resources */ = {
			isa = PBXResourcesBuildPhase;
			buildActionMask = 2147483647;
			files = (
				4FE0BA342499CC0900F69439 /* LaunchScreen.storyboard in Resources */,
				4FFD2F702499CFE0008554D7 /* GoogleService-Info.plist in Resources */,
				4FE0BA312499CC0900F69439 /* Assets.xcassets in Resources */,
			);
			runOnlyForDeploymentPostprocessing = 0;
		};
/* End PBXResourcesBuildPhase section */

/* Begin PBXShellScriptBuildPhase section */
		53EBB8A5B2182FC80348172D /* [CP] Check Pods Manifest.lock */ = {
			isa = PBXShellScriptBuildPhase;
			buildActionMask = 2147483647;
			files = (
			);
			inputFileListPaths = (
			);
			inputPaths = (
				"${PODS_PODFILE_DIR_PATH}/Podfile.lock",
				"${PODS_ROOT}/Manifest.lock",
			);
			name = "[CP] Check Pods Manifest.lock";
			outputFileListPaths = (
			);
			outputPaths = (
				"$(DERIVED_FILE_DIR)/Pods-QEDChat-checkManifestLockResult.txt",
			);
			runOnlyForDeploymentPostprocessing = 0;
			shellPath = /bin/sh;
			shellScript = "diff \"${PODS_PODFILE_DIR_PATH}/Podfile.lock\" \"${PODS_ROOT}/Manifest.lock\" > /dev/null\nif [ $? != 0 ] ; then\n    # print error to STDERR\n    echo \"error: The sandbox is not in sync with the Podfile.lock. Run 'pod install' or update your CocoaPods installation.\" >&2\n    exit 1\nfi\n# This output is used by Xcode 'outputs' to avoid re-running this script phase.\necho \"SUCCESS\" > \"${SCRIPT_OUTPUT_FILE_0}\"\n";
			showEnvVarsInLog = 0;
		};
		6985C01646D2599820771D30 /* [CP] Embed Pods Frameworks */ = {
			isa = PBXShellScriptBuildPhase;
			buildActionMask = 2147483647;
			files = (
			);
			inputFileListPaths = (
				"${PODS_ROOT}/Target Support Files/Pods-QEDChat/Pods-QEDChat-frameworks-${CONFIGURATION}-input-files.xcfilelist",
			);
			name = "[CP] Embed Pods Frameworks";
			outputFileListPaths = (
				"${PODS_ROOT}/Target Support Files/Pods-QEDChat/Pods-QEDChat-frameworks-${CONFIGURATION}-output-files.xcfilelist",
			);
			runOnlyForDeploymentPostprocessing = 0;
			shellPath = /bin/sh;
			shellScript = "\"${PODS_ROOT}/Target Support Files/Pods-QEDChat/Pods-QEDChat-frameworks.sh\"\n";
			showEnvVarsInLog = 0;
		};
/* End PBXShellScriptBuildPhase section */

/* Begin PBXSourcesBuildPhase section */
		4FE0BA202499CC0800F69439 /* Sources */ = {
			isa = PBXSourcesBuildPhase;
			buildActionMask = 2147483647;
			files = (
				4FFFFA062499FC7600A78720 /* ChatProvider.swift in Sources */,
				4FFFF9F22499E46D00A78720 /* ExtensionUIViewController.swift in Sources */,
				4FE0BA282499CC0800F69439 /* AppDelegate.swift in Sources */,
				4FFFF9F72499E6B400A78720 /* UserModel.swift in Sources */,
				4FFFFA002499EF2C00A78720 /* ChatViewController.swift in Sources */,
				4FFFF9F42499E63000A78720 /* FirebaseReference.swift in Sources */,
				4FFD2F742499D0C4008554D7 /* SignUpViewController.swift in Sources */,
				4FFFF9FA2499ED9D00A78720 /* WindowManager.swift in Sources */,
				4FFFFA042499F16300A78720 /* SignUpView.swift in Sources */,
				4FFFFA082499FD6B00A78720 /* MessageModel.swift in Sources */,
				4FFD2F722499D0BD008554D7 /* SignInViewController.swift in Sources */,
				4FFFF9EF2499E21C00A78720 /* SignInProvider.swift in Sources */,
				4FFD2F762499D111008554D7 /* SignInView.swift in Sources */,
			);
			runOnlyForDeploymentPostprocessing = 0;
		};
/* End PBXSourcesBuildPhase section */

/* Begin PBXVariantGroup section */
		4FE0BA322499CC0900F69439 /* LaunchScreen.storyboard */ = {
			isa = PBXVariantGroup;
			children = (
				4FE0BA332499CC0900F69439 /* Base */,
			);
			name = LaunchScreen.storyboard;
			sourceTree = "<group>";
		};
/* End PBXVariantGroup section */

/* Begin XCBuildConfiguration section */
		4FE0BA362499CC0900F69439 /* Debug */ = {
			isa = XCBuildConfiguration;
			buildSettings = {
				ALWAYS_SEARCH_USER_PATHS = NO;
				CLANG_ANALYZER_NONNULL = YES;
				CLANG_ANALYZER_NUMBER_OBJECT_CONVERSION = YES_AGGRESSIVE;
				CLANG_CXX_LANGUAGE_STANDARD = "gnu++14";
				CLANG_CXX_LIBRARY = "libc++";
				CLANG_ENABLE_MODULES = YES;
				CLANG_ENABLE_OBJC_ARC = YES;
				CLANG_ENABLE_OBJC_WEAK = YES;
				CLANG_WARN_BLOCK_CAPTURE_AUTORELEASING = YES;
				CLANG_WARN_BOOL_CONVERSION = YES;
				CLANG_WARN_COMMA = YES;
				CLANG_WARN_CONSTANT_CONVERSION = YES;
				CLANG_WARN_DEPRECATED_OBJC_IMPLEMENTATIONS = YES;
				CLANG_WARN_DIRECT_OBJC_ISA_USAGE = YES_ERROR;
				CLANG_WARN_DOCUMENTATION_COMMENTS = YES;
				CLANG_WARN_EMPTY_BODY = YES;
				CLANG_WARN_ENUM_CONVERSION = YES;
				CLANG_WARN_INFINITE_RECURSION = YES;
				CLANG_WARN_INT_CONVERSION = YES;
				CLANG_WARN_NON_LITERAL_NULL_CONVERSION = YES;
				CLANG_WARN_OBJC_IMPLICIT_RETAIN_SELF = YES;
				CLANG_WARN_OBJC_LITERAL_CONVERSION = YES;
				CLANG_WARN_OBJC_ROOT_CLASS = YES_ERROR;
				CLANG_WARN_RANGE_LOOP_ANALYSIS = YES;
				CLANG_WARN_STRICT_PROTOTYPES = YES;
				CLANG_WARN_SUSPICIOUS_MOVE = YES;
				CLANG_WARN_UNGUARDED_AVAILABILITY = YES_AGGRESSIVE;
				CLANG_WARN_UNREACHABLE_CODE = YES;
				CLANG_WARN__DUPLICATE_METHOD_MATCH = YES;
				COPY_PHASE_STRIP = NO;
				DEBUG_INFORMATION_FORMAT = dwarf;
				ENABLE_STRICT_OBJC_MSGSEND = YES;
				ENABLE_TESTABILITY = YES;
				GCC_C_LANGUAGE_STANDARD = gnu11;
				GCC_DYNAMIC_NO_PIC = NO;
				GCC_NO_COMMON_BLOCKS = YES;
				GCC_OPTIMIZATION_LEVEL = 0;
				GCC_PREPROCESSOR_DEFINITIONS = (
					"DEBUG=1",
					"$(inherited)",
				);
				GCC_WARN_64_TO_32_BIT_CONVERSION = YES;
				GCC_WARN_ABOUT_RETURN_TYPE = YES_ERROR;
				GCC_WARN_UNDECLARED_SELECTOR = YES;
				GCC_WARN_UNINITIALIZED_AUTOS = YES_AGGRESSIVE;
				GCC_WARN_UNUSED_FUNCTION = YES;
				GCC_WARN_UNUSED_VARIABLE = YES;
				IPHONEOS_DEPLOYMENT_TARGET = 13.5;
				MTL_ENABLE_DEBUG_INFO = INCLUDE_SOURCE;
				MTL_FAST_MATH = YES;
				ONLY_ACTIVE_ARCH = YES;
				SDKROOT = iphoneos;
				SWIFT_ACTIVE_COMPILATION_CONDITIONS = DEBUG;
				SWIFT_OPTIMIZATION_LEVEL = "-Onone";
			};
			name = Debug;
		};
		4FE0BA372499CC0900F69439 /* Release */ = {
			isa = XCBuildConfiguration;
			buildSettings = {
				ALWAYS_SEARCH_USER_PATHS = NO;
				CLANG_ANALYZER_NONNULL = YES;
				CLANG_ANALYZER_NUMBER_OBJECT_CONVERSION = YES_AGGRESSIVE;
				CLANG_CXX_LANGUAGE_STANDARD = "gnu++14";
				CLANG_CXX_LIBRARY = "libc++";
				CLANG_ENABLE_MODULES = YES;
				CLANG_ENABLE_OBJC_ARC = YES;
				CLANG_ENABLE_OBJC_WEAK = YES;
				CLANG_WARN_BLOCK_CAPTURE_AUTORELEASING = YES;
				CLANG_WARN_BOOL_CONVERSION = YES;
				CLANG_WARN_COMMA = YES;
				CLANG_WARN_CONSTANT_CONVERSION = YES;
				CLANG_WARN_DEPRECATED_OBJC_IMPLEMENTATIONS = YES;
				CLANG_WARN_DIRECT_OBJC_ISA_USAGE = YES_ERROR;
				CLANG_WARN_DOCUMENTATION_COMMENTS = YES;
				CLANG_WARN_EMPTY_BODY = YES;
				CLANG_WARN_ENUM_CONVERSION = YES;
				CLANG_WARN_INFINITE_RECURSION = YES;
				CLANG_WARN_INT_CONVERSION = YES;
				CLANG_WARN_NON_LITERAL_NULL_CONVERSION = YES;
				CLANG_WARN_OBJC_IMPLICIT_RETAIN_SELF = YES;
				CLANG_WARN_OBJC_LITERAL_CONVERSION = YES;
				CLANG_WARN_OBJC_ROOT_CLASS = YES_ERROR;
				CLANG_WARN_RANGE_LOOP_ANALYSIS = YES;
				CLANG_WARN_STRICT_PROTOTYPES = YES;
				CLANG_WARN_SUSPICIOUS_MOVE = YES;
				CLANG_WARN_UNGUARDED_AVAILABILITY = YES_AGGRESSIVE;
				CLANG_WARN_UNREACHABLE_CODE = YES;
				CLANG_WARN__DUPLICATE_METHOD_MATCH = YES;
				COPY_PHASE_STRIP = NO;
				DEBUG_INFORMATION_FORMAT = "dwarf-with-dsym";
				ENABLE_NS_ASSERTIONS = NO;
				ENABLE_STRICT_OBJC_MSGSEND = YES;
				GCC_C_LANGUAGE_STANDARD = gnu11;
				GCC_NO_COMMON_BLOCKS = YES;
				GCC_WARN_64_TO_32_BIT_CONVERSION = YES;
				GCC_WARN_ABOUT_RETURN_TYPE = YES_ERROR;
				GCC_WARN_UNDECLARED_SELECTOR = YES;
				GCC_WARN_UNINITIALIZED_AUTOS = YES_AGGRESSIVE;
				GCC_WARN_UNUSED_FUNCTION = YES;
				GCC_WARN_UNUSED_VARIABLE = YES;
				IPHONEOS_DEPLOYMENT_TARGET = 13.5;
				MTL_ENABLE_DEBUG_INFO = NO;
				MTL_FAST_MATH = YES;
				SDKROOT = iphoneos;
				SWIFT_COMPILATION_MODE = wholemodule;
				SWIFT_OPTIMIZATION_LEVEL = "-O";
				VALIDATE_PRODUCT = YES;
			};
			name = Release;
		};
		4FE0BA392499CC0900F69439 /* Debug */ = {
			isa = XCBuildConfiguration;
			baseConfigurationReference = 17D7DEF35DCF40537BA67D29 /* Pods-QEDChat.debug.xcconfig */;
			buildSettings = {
				ASSETCATALOG_COMPILER_APPICON_NAME = AppIcon;
				CODE_SIGN_STYLE = Automatic;
				DEVELOPMENT_TEAM = ZLN97H98PA;
				INFOPLIST_FILE = QEDChat/Info.plist;
				IPHONEOS_DEPLOYMENT_TARGET = 13.0;
				LD_RUNPATH_SEARCH_PATHS = (
					"$(inherited)",
					"@executable_path/Frameworks",
				);
				PRODUCT_BUNDLE_IDENTIFIER = com.TeamQED.QEDChat;
				PRODUCT_NAME = "$(TARGET_NAME)";
				SWIFT_VERSION = 5.0;
				TARGETED_DEVICE_FAMILY = "1,2";
			};
			name = Debug;
		};
		4FE0BA3A2499CC0900F69439 /* Release */ = {
			isa = XCBuildConfiguration;
			baseConfigurationReference = B768B444468861A94221FB7B /* Pods-QEDChat.release.xcconfig */;
			buildSettings = {
				ASSETCATALOG_COMPILER_APPICON_NAME = AppIcon;
				CODE_SIGN_STYLE = Automatic;
				DEVELOPMENT_TEAM = ZLN97H98PA;
				INFOPLIST_FILE = QEDChat/Info.plist;
				IPHONEOS_DEPLOYMENT_TARGET = 13.0;
				LD_RUNPATH_SEARCH_PATHS = (
					"$(inherited)",
					"@executable_path/Frameworks",
				);
				PRODUCT_BUNDLE_IDENTIFIER = com.TeamQED.QEDChat;
				PRODUCT_NAME = "$(TARGET_NAME)";
				SWIFT_VERSION = 5.0;
				TARGETED_DEVICE_FAMILY = "1,2";
			};
			name = Release;
		};
/* End XCBuildConfiguration section */

/* Begin XCConfigurationList section */
		4FE0BA1F2499CC0800F69439 /* Build configuration list for PBXProject "QEDChat" */ = {
			isa = XCConfigurationList;
			buildConfigurations = (
				4FE0BA362499CC0900F69439 /* Debug */,
				4FE0BA372499CC0900F69439 /* Release */,
			);
			defaultConfigurationIsVisible = 0;
			defaultConfigurationName = Release;
		};
		4FE0BA382499CC0900F69439 /* Build configuration list for PBXNativeTarget "QEDChat" */ = {
			isa = XCConfigurationList;
			buildConfigurations = (
				4FE0BA392499CC0900F69439 /* Debug */,
				4FE0BA3A2499CC0900F69439 /* Release */,
			);
			defaultConfigurationIsVisible = 0;
			defaultConfigurationName = Release;
		};
/* End XCConfigurationList section */
	};
	rootObject = 4FE0BA1C2499CC0800F69439 /* Project object */;
}
